// !$*UTF8*$!
{
	archiveVersion = 1;
	classes = {
	};
	objectVersion = 55;
	objects = {

/* Begin PBXBuildFile section */
		3725925627B4B7E6001E167E /* FavoritesViewModel.swift in Sources */ = {isa = PBXBuildFile; fileRef = 3725925527B4B7E6001E167E /* FavoritesViewModel.swift */; };
		3725925827B4C0D8001E167E /* StringExtension.swift in Sources */ = {isa = PBXBuildFile; fileRef = 3725925727B4C0D8001E167E /* StringExtension.swift */; };
		3725925E27B58057001E167E /* UIHomePageViewController.swift in Sources */ = {isa = PBXBuildFile; fileRef = 3725925D27B58057001E167E /* UIHomePageViewController.swift */; };
		3725926627B5ADD7001E167E /* UIHomePageView.xib in Resources */ = {isa = PBXBuildFile; fileRef = 3725926527B5ADD7001E167E /* UIHomePageView.xib */; };
		3725926827B5AF32001E167E /* UIHomePageView.swift in Sources */ = {isa = PBXBuildFile; fileRef = 3725926727B5AF31001E167E /* UIHomePageView.swift */; };
		3732EC6C27B4110B004B790C /* AppDelegate.swift in Sources */ = {isa = PBXBuildFile; fileRef = 3732EC6B27B4110B004B790C /* AppDelegate.swift */; };
		3732EC6E27B4110B004B790C /* SceneDelegate.swift in Sources */ = {isa = PBXBuildFile; fileRef = 3732EC6D27B4110B004B790C /* SceneDelegate.swift */; };
		3732EC7327B4110B004B790C /* Main.storyboard in Resources */ = {isa = PBXBuildFile; fileRef = 3732EC7127B4110B004B790C /* Main.storyboard */; };
		3732EC7527B4110D004B790C /* Assets.xcassets in Resources */ = {isa = PBXBuildFile; fileRef = 3732EC7427B4110D004B790C /* Assets.xcassets */; };
		3732EC7827B4110D004B790C /* LaunchScreen.storyboard in Resources */ = {isa = PBXBuildFile; fileRef = 3732EC7627B4110D004B790C /* LaunchScreen.storyboard */; };
		3732EC8327B4110D004B790C /* VideoGamesAppTests.swift in Sources */ = {isa = PBXBuildFile; fileRef = 3732EC8227B4110D004B790C /* VideoGamesAppTests.swift */; };
		3732EC8D27B4110D004B790C /* VideoGamesAppUITests.swift in Sources */ = {isa = PBXBuildFile; fileRef = 3732EC8C27B4110D004B790C /* VideoGamesAppUITests.swift */; };
		3732EC8F27B4110D004B790C /* VideoGamesAppUITestsLaunchTests.swift in Sources */ = {isa = PBXBuildFile; fileRef = 3732EC8E27B4110D004B790C /* VideoGamesAppUITestsLaunchTests.swift */; };
		3732EC9C27B4189A004B790C /* TabBarController.swift in Sources */ = {isa = PBXBuildFile; fileRef = 3732EC9B27B4189A004B790C /* TabBarController.swift */; };
		3732EC9F27B419EF004B790C /* HomePageViewController.swift in Sources */ = {isa = PBXBuildFile; fileRef = 3732EC9E27B419EF004B790C /* HomePageViewController.swift */; };
		3732ECA127B41A05004B790C /* FavoritesViewController.swift in Sources */ = {isa = PBXBuildFile; fileRef = 3732ECA027B41A05004B790C /* FavoritesViewController.swift */; };
		3732ECA527B41A3A004B790C /* HomePage.storyboard in Resources */ = {isa = PBXBuildFile; fileRef = 3732ECA427B41A3A004B790C /* HomePage.storyboard */; };
		3732ECA727B41A46004B790C /* Favorites.storyboard in Resources */ = {isa = PBXBuildFile; fileRef = 3732ECA627B41A46004B790C /* Favorites.storyboard */; };
		3732ECAA27B42EC5004B790C /* Network.swift in Sources */ = {isa = PBXBuildFile; fileRef = 3732ECA927B42EC5004B790C /* Network.swift */; };
		3732ECAF27B433A6004B790C /* ProdEnv.swift in Sources */ = {isa = PBXBuildFile; fileRef = 3732ECAE27B433A6004B790C /* ProdEnv.swift */; };
		3732ECB227B43474004B790C /* HomePageRequestModel.swift in Sources */ = {isa = PBXBuildFile; fileRef = 3732ECB127B43474004B790C /* HomePageRequestModel.swift */; };
		3732ECB427B434A2004B790C /* HomePageResponse.swift in Sources */ = {isa = PBXBuildFile; fileRef = 3732ECB327B434A2004B790C /* HomePageResponse.swift */; };
		3732ECB827B436B0004B790C /* GameDetailsViewController.swift in Sources */ = {isa = PBXBuildFile; fileRef = 3732ECB727B436B0004B790C /* GameDetailsViewController.swift */; };
		3732ECBA27B436C9004B790C /* GameDetails.storyboard in Resources */ = {isa = PBXBuildFile; fileRef = 3732ECB927B436C9004B790C /* GameDetails.storyboard */; };
		3732ECC027B43752004B790C /* GameDetailsRequestModel.swift in Sources */ = {isa = PBXBuildFile; fileRef = 3732ECBF27B43752004B790C /* GameDetailsRequestModel.swift */; };
		3732ECC227B43760004B790C /* GameDetailsResponse.swift in Sources */ = {isa = PBXBuildFile; fileRef = 3732ECC127B43760004B790C /* GameDetailsResponse.swift */; };
		3732ECC427B43B71004B790C /* Constants.swift in Sources */ = {isa = PBXBuildFile; fileRef = 3732ECC327B43B71004B790C /* Constants.swift */; };
		3732ECC627B43CF8004B790C /* APIManager.swift in Sources */ = {isa = PBXBuildFile; fileRef = 3732ECC527B43CF8004B790C /* APIManager.swift */; };
		3732ECC827B44666004B790C /* HomePageViewModel.swift in Sources */ = {isa = PBXBuildFile; fileRef = 3732ECC727B44666004B790C /* HomePageViewModel.swift */; };
		3732ECCA27B449F1004B790C /* ResponseEmpty.swift in Sources */ = {isa = PBXBuildFile; fileRef = 3732ECC927B449F1004B790C /* ResponseEmpty.swift */; };
		3732ECCF27B450A8004B790C /* GameDetailsViewModel.swift in Sources */ = {isa = PBXBuildFile; fileRef = 3732ECCE27B450A8004B790C /* GameDetailsViewModel.swift */; };
		3732ECD427B47637004B790C /* BaseCollectionViewCell.swift in Sources */ = {isa = PBXBuildFile; fileRef = 3732ECD227B47637004B790C /* BaseCollectionViewCell.swift */; };
		3732ECD527B47637004B790C /* BaseCollectionViewCell.xib in Resources */ = {isa = PBXBuildFile; fileRef = 3732ECD327B47637004B790C /* BaseCollectionViewCell.xib */; };
		3732ECD727B476E0004B790C /* BaseViewController.swift in Sources */ = {isa = PBXBuildFile; fileRef = 3732ECD627B476E0004B790C /* BaseViewController.swift */; };
		3732ECDB27B479B9004B790C /* AppUtils.swift in Sources */ = {isa = PBXBuildFile; fileRef = 3732ECDA27B479B9004B790C /* AppUtils.swift */; };
		3732ECDE27B47CEE004B790C /* Reusable.swift in Sources */ = {isa = PBXBuildFile; fileRef = 3732ECDD27B47CEE004B790C /* Reusable.swift */; };
		3732ECE227B47E3C004B790C /* StoryBoardInstantiate.swift in Sources */ = {isa = PBXBuildFile; fileRef = 3732ECE127B47E3C004B790C /* StoryBoardInstantiate.swift */; };
		3732ECE427B47F61004B790C /* UICollectionViewExtension.swift in Sources */ = {isa = PBXBuildFile; fileRef = 3732ECE327B47F61004B790C /* UICollectionViewExtension.swift */; };
		3732ECE827B48E51004B790C /* RatingView.swift in Sources */ = {isa = PBXBuildFile; fileRef = 3732ECE727B48E51004B790C /* RatingView.swift */; };
		375483F027B97CC1002D3AC8 /* SplashVC.swift in Sources */ = {isa = PBXBuildFile; fileRef = 375483EF27B97CC1002D3AC8 /* SplashVC.swift */; };
		375483F227B97E6E002D3AC8 /* video-game-console.json in Resources */ = {isa = PBXBuildFile; fileRef = 375483F127B97E6E002D3AC8 /* video-game-console.json */; };
		5BFCCCCBA50F2B7C5A27DF9E /* Pods_VideoGamesApp.framework in Frameworks */ = {isa = PBXBuildFile; fileRef = B855D998D848FF9798BA0B54 /* Pods_VideoGamesApp.framework */; };
		81EA47B887D4BA75BC1D4070 /* Pods_VideoGamesApp_VideoGamesAppUITests.framework in Frameworks */ = {isa = PBXBuildFile; fileRef = 93F0B7299ACEF91964E85210 /* Pods_VideoGamesApp_VideoGamesAppUITests.framework */; };
		F22A39131C3CD029BEA7AD26 /* Pods_VideoGamesAppTests.framework in Frameworks */ = {isa = PBXBuildFile; fileRef = 6B9FADAA70C7287525708C2D /* Pods_VideoGamesAppTests.framework */; };
/* End PBXBuildFile section */

/* Begin PBXContainerItemProxy section */
		3732EC7F27B4110D004B790C /* PBXContainerItemProxy */ = {
			isa = PBXContainerItemProxy;
			containerPortal = 3732EC6027B4110B004B790C /* Project object */;
			proxyType = 1;
			remoteGlobalIDString = 3732EC6727B4110B004B790C;
			remoteInfo = VideoGamesApp;
		};
		3732EC8927B4110D004B790C /* PBXContainerItemProxy */ = {
			isa = PBXContainerItemProxy;
			containerPortal = 3732EC6027B4110B004B790C /* Project object */;
			proxyType = 1;
			remoteGlobalIDString = 3732EC6727B4110B004B790C;
			remoteInfo = VideoGamesApp;
		};
/* End PBXContainerItemProxy section */

/* Begin PBXFileReference section */
		3725925527B4B7E6001E167E /* FavoritesViewModel.swift */ = {isa = PBXFileReference; lastKnownFileType = sourcecode.swift; path = FavoritesViewModel.swift; sourceTree = "<group>"; };
		3725925727B4C0D8001E167E /* StringExtension.swift */ = {isa = PBXFileReference; lastKnownFileType = sourcecode.swift; path = StringExtension.swift; sourceTree = "<group>"; };
		3725925D27B58057001E167E /* UIHomePageViewController.swift */ = {isa = PBXFileReference; lastKnownFileType = sourcecode.swift; path = UIHomePageViewController.swift; sourceTree = "<group>"; };
		3725926527B5ADD7001E167E /* UIHomePageView.xib */ = {isa = PBXFileReference; lastKnownFileType = file.xib; path = UIHomePageView.xib; sourceTree = "<group>"; };
		3725926727B5AF31001E167E /* UIHomePageView.swift */ = {isa = PBXFileReference; lastKnownFileType = sourcecode.swift; path = UIHomePageView.swift; sourceTree = "<group>"; };
		3732EC6827B4110B004B790C /* VideoGamesApp.app */ = {isa = PBXFileReference; explicitFileType = wrapper.application; includeInIndex = 0; path = VideoGamesApp.app; sourceTree = BUILT_PRODUCTS_DIR; };
		3732EC6B27B4110B004B790C /* AppDelegate.swift */ = {isa = PBXFileReference; lastKnownFileType = sourcecode.swift; path = AppDelegate.swift; sourceTree = "<group>"; };
		3732EC6D27B4110B004B790C /* SceneDelegate.swift */ = {isa = PBXFileReference; lastKnownFileType = sourcecode.swift; path = SceneDelegate.swift; sourceTree = "<group>"; };
		3732EC7227B4110B004B790C /* Base */ = {isa = PBXFileReference; lastKnownFileType = file.storyboard; name = Base; path = Base.lproj/Main.storyboard; sourceTree = "<group>"; };
		3732EC7427B4110D004B790C /* Assets.xcassets */ = {isa = PBXFileReference; lastKnownFileType = folder.assetcatalog; path = Assets.xcassets; sourceTree = "<group>"; };
		3732EC7727B4110D004B790C /* Base */ = {isa = PBXFileReference; lastKnownFileType = file.storyboard; name = Base; path = Base.lproj/LaunchScreen.storyboard; sourceTree = "<group>"; };
		3732EC7927B4110D004B790C /* Info.plist */ = {isa = PBXFileReference; lastKnownFileType = text.plist.xml; path = Info.plist; sourceTree = "<group>"; };
		3732EC7E27B4110D004B790C /* VideoGamesAppTests.xctest */ = {isa = PBXFileReference; explicitFileType = wrapper.cfbundle; includeInIndex = 0; path = VideoGamesAppTests.xctest; sourceTree = BUILT_PRODUCTS_DIR; };
		3732EC8227B4110D004B790C /* VideoGamesAppTests.swift */ = {isa = PBXFileReference; lastKnownFileType = sourcecode.swift; path = VideoGamesAppTests.swift; sourceTree = "<group>"; };
		3732EC8827B4110D004B790C /* VideoGamesAppUITests.xctest */ = {isa = PBXFileReference; explicitFileType = wrapper.cfbundle; includeInIndex = 0; path = VideoGamesAppUITests.xctest; sourceTree = BUILT_PRODUCTS_DIR; };
		3732EC8C27B4110D004B790C /* VideoGamesAppUITests.swift */ = {isa = PBXFileReference; lastKnownFileType = sourcecode.swift; path = VideoGamesAppUITests.swift; sourceTree = "<group>"; };
		3732EC8E27B4110D004B790C /* VideoGamesAppUITestsLaunchTests.swift */ = {isa = PBXFileReference; lastKnownFileType = sourcecode.swift; path = VideoGamesAppUITestsLaunchTests.swift; sourceTree = "<group>"; };
		3732EC9B27B4189A004B790C /* TabBarController.swift */ = {isa = PBXFileReference; lastKnownFileType = sourcecode.swift; path = TabBarController.swift; sourceTree = "<group>"; };
		3732EC9E27B419EF004B790C /* HomePageViewController.swift */ = {isa = PBXFileReference; lastKnownFileType = sourcecode.swift; path = HomePageViewController.swift; sourceTree = "<group>"; };
		3732ECA027B41A05004B790C /* FavoritesViewController.swift */ = {isa = PBXFileReference; lastKnownFileType = sourcecode.swift; path = FavoritesViewController.swift; sourceTree = "<group>"; };
		3732ECA427B41A3A004B790C /* HomePage.storyboard */ = {isa = PBXFileReference; lastKnownFileType = file.storyboard; path = HomePage.storyboard; sourceTree = "<group>"; };
		3732ECA627B41A46004B790C /* Favorites.storyboard */ = {isa = PBXFileReference; lastKnownFileType = file.storyboard; path = Favorites.storyboard; sourceTree = "<group>"; };
		3732ECA927B42EC5004B790C /* Network.swift */ = {isa = PBXFileReference; lastKnownFileType = sourcecode.swift; path = Network.swift; sourceTree = "<group>"; };
		3732ECAE27B433A6004B790C /* ProdEnv.swift */ = {isa = PBXFileReference; lastKnownFileType = sourcecode.swift; path = ProdEnv.swift; sourceTree = "<group>"; };
		3732ECB127B43474004B790C /* HomePageRequestModel.swift */ = {isa = PBXFileReference; lastKnownFileType = sourcecode.swift; path = HomePageRequestModel.swift; sourceTree = "<group>"; };
		3732ECB327B434A2004B790C /* HomePageResponse.swift */ = {isa = PBXFileReference; lastKnownFileType = sourcecode.swift; path = HomePageResponse.swift; sourceTree = "<group>"; };
		3732ECB727B436B0004B790C /* GameDetailsViewController.swift */ = {isa = PBXFileReference; lastKnownFileType = sourcecode.swift; path = GameDetailsViewController.swift; sourceTree = "<group>"; };
		3732ECB927B436C9004B790C /* GameDetails.storyboard */ = {isa = PBXFileReference; lastKnownFileType = file.storyboard; path = GameDetails.storyboard; sourceTree = "<group>"; };
		3732ECBF27B43752004B790C /* GameDetailsRequestModel.swift */ = {isa = PBXFileReference; lastKnownFileType = sourcecode.swift; path = GameDetailsRequestModel.swift; sourceTree = "<group>"; };
		3732ECC127B43760004B790C /* GameDetailsResponse.swift */ = {isa = PBXFileReference; lastKnownFileType = sourcecode.swift; path = GameDetailsResponse.swift; sourceTree = "<group>"; };
		3732ECC327B43B71004B790C /* Constants.swift */ = {isa = PBXFileReference; lastKnownFileType = sourcecode.swift; path = Constants.swift; sourceTree = "<group>"; };
		3732ECC527B43CF8004B790C /* APIManager.swift */ = {isa = PBXFileReference; lastKnownFileType = sourcecode.swift; path = APIManager.swift; sourceTree = "<group>"; };
		3732ECC727B44666004B790C /* HomePageViewModel.swift */ = {isa = PBXFileReference; lastKnownFileType = sourcecode.swift; path = HomePageViewModel.swift; sourceTree = "<group>"; };
		3732ECC927B449F1004B790C /* ResponseEmpty.swift */ = {isa = PBXFileReference; lastKnownFileType = sourcecode.swift; path = ResponseEmpty.swift; sourceTree = "<group>"; };
		3732ECCE27B450A8004B790C /* GameDetailsViewModel.swift */ = {isa = PBXFileReference; lastKnownFileType = sourcecode.swift; path = GameDetailsViewModel.swift; sourceTree = "<group>"; };
		3732ECD227B47637004B790C /* BaseCollectionViewCell.swift */ = {isa = PBXFileReference; lastKnownFileType = sourcecode.swift; path = BaseCollectionViewCell.swift; sourceTree = "<group>"; };
		3732ECD327B47637004B790C /* BaseCollectionViewCell.xib */ = {isa = PBXFileReference; lastKnownFileType = file.xib; path = BaseCollectionViewCell.xib; sourceTree = "<group>"; };
		3732ECD627B476E0004B790C /* BaseViewController.swift */ = {isa = PBXFileReference; lastKnownFileType = sourcecode.swift; path = BaseViewController.swift; sourceTree = "<group>"; };
		3732ECDA27B479B9004B790C /* AppUtils.swift */ = {isa = PBXFileReference; lastKnownFileType = sourcecode.swift; path = AppUtils.swift; sourceTree = "<group>"; };
		3732ECDD27B47CEE004B790C /* Reusable.swift */ = {isa = PBXFileReference; lastKnownFileType = sourcecode.swift; path = Reusable.swift; sourceTree = "<group>"; };
		3732ECE127B47E3C004B790C /* StoryBoardInstantiate.swift */ = {isa = PBXFileReference; lastKnownFileType = sourcecode.swift; path = StoryBoardInstantiate.swift; sourceTree = "<group>"; };
		3732ECE327B47F61004B790C /* UICollectionViewExtension.swift */ = {isa = PBXFileReference; lastKnownFileType = sourcecode.swift; path = UICollectionViewExtension.swift; sourceTree = "<group>"; };
		3732ECE727B48E51004B790C /* RatingView.swift */ = {isa = PBXFileReference; lastKnownFileType = sourcecode.swift; path = RatingView.swift; sourceTree = "<group>"; };
		375483EF27B97CC1002D3AC8 /* SplashVC.swift */ = {isa = PBXFileReference; lastKnownFileType = sourcecode.swift; path = SplashVC.swift; sourceTree = "<group>"; };
		375483F127B97E6E002D3AC8 /* video-game-console.json */ = {isa = PBXFileReference; fileEncoding = 4; lastKnownFileType = text.json; path = "video-game-console.json"; sourceTree = "<group>"; };
		4E4135AC2101E4843FB2EA98 /* Pods-VideoGamesApp-VideoGamesAppUITests.release.xcconfig */ = {isa = PBXFileReference; includeInIndex = 1; lastKnownFileType = text.xcconfig; name = "Pods-VideoGamesApp-VideoGamesAppUITests.release.xcconfig"; path = "Target Support Files/Pods-VideoGamesApp-VideoGamesAppUITests/Pods-VideoGamesApp-VideoGamesAppUITests.release.xcconfig"; sourceTree = "<group>"; };
		61EEEB0D5470344D938A644C /* Pods-VideoGamesApp-VideoGamesAppUITests.debug.xcconfig */ = {isa = PBXFileReference; includeInIndex = 1; lastKnownFileType = text.xcconfig; name = "Pods-VideoGamesApp-VideoGamesAppUITests.debug.xcconfig"; path = "Target Support Files/Pods-VideoGamesApp-VideoGamesAppUITests/Pods-VideoGamesApp-VideoGamesAppUITests.debug.xcconfig"; sourceTree = "<group>"; };
		6B9FADAA70C7287525708C2D /* Pods_VideoGamesAppTests.framework */ = {isa = PBXFileReference; explicitFileType = wrapper.framework; includeInIndex = 0; path = Pods_VideoGamesAppTests.framework; sourceTree = BUILT_PRODUCTS_DIR; };
		93F0B7299ACEF91964E85210 /* Pods_VideoGamesApp_VideoGamesAppUITests.framework */ = {isa = PBXFileReference; explicitFileType = wrapper.framework; includeInIndex = 0; path = Pods_VideoGamesApp_VideoGamesAppUITests.framework; sourceTree = BUILT_PRODUCTS_DIR; };
		A0E6338366C5C62CD1867D6C /* Pods-VideoGamesAppTests.release.xcconfig */ = {isa = PBXFileReference; includeInIndex = 1; lastKnownFileType = text.xcconfig; name = "Pods-VideoGamesAppTests.release.xcconfig"; path = "Target Support Files/Pods-VideoGamesAppTests/Pods-VideoGamesAppTests.release.xcconfig"; sourceTree = "<group>"; };
		A4B94E61BFA07DDAEA1F2DC5 /* Pods-VideoGamesApp.debug.xcconfig */ = {isa = PBXFileReference; includeInIndex = 1; lastKnownFileType = text.xcconfig; name = "Pods-VideoGamesApp.debug.xcconfig"; path = "Target Support Files/Pods-VideoGamesApp/Pods-VideoGamesApp.debug.xcconfig"; sourceTree = "<group>"; };
		B855D998D848FF9798BA0B54 /* Pods_VideoGamesApp.framework */ = {isa = PBXFileReference; explicitFileType = wrapper.framework; includeInIndex = 0; path = Pods_VideoGamesApp.framework; sourceTree = BUILT_PRODUCTS_DIR; };
		E7073DBAF0BFAEF3A839385C /* Pods-VideoGamesApp.release.xcconfig */ = {isa = PBXFileReference; includeInIndex = 1; lastKnownFileType = text.xcconfig; name = "Pods-VideoGamesApp.release.xcconfig"; path = "Target Support Files/Pods-VideoGamesApp/Pods-VideoGamesApp.release.xcconfig"; sourceTree = "<group>"; };
		F41A6AD27271A44E50263967 /* Pods-VideoGamesAppTests.debug.xcconfig */ = {isa = PBXFileReference; includeInIndex = 1; lastKnownFileType = text.xcconfig; name = "Pods-VideoGamesAppTests.debug.xcconfig"; path = "Target Support Files/Pods-VideoGamesAppTests/Pods-VideoGamesAppTests.debug.xcconfig"; sourceTree = "<group>"; };
/* End PBXFileReference section */

/* Begin PBXFrameworksBuildPhase section */
		3732EC6527B4110B004B790C /* Frameworks */ = {
			isa = PBXFrameworksBuildPhase;
			buildActionMask = 2147483647;
			files = (
				5BFCCCCBA50F2B7C5A27DF9E /* Pods_VideoGamesApp.framework in Frameworks */,
			);
			runOnlyForDeploymentPostprocessing = 0;
		};
		3732EC7B27B4110D004B790C /* Frameworks */ = {
			isa = PBXFrameworksBuildPhase;
			buildActionMask = 2147483647;
			files = (
				F22A39131C3CD029BEA7AD26 /* Pods_VideoGamesAppTests.framework in Frameworks */,
			);
			runOnlyForDeploymentPostprocessing = 0;
		};
		3732EC8527B4110D004B790C /* Frameworks */ = {
			isa = PBXFrameworksBuildPhase;
			buildActionMask = 2147483647;
			files = (
				81EA47B887D4BA75BC1D4070 /* Pods_VideoGamesApp_VideoGamesAppUITests.framework in Frameworks */,
			);
			runOnlyForDeploymentPostprocessing = 0;
		};
/* End PBXFrameworksBuildPhase section */

/* Begin PBXGroup section */
		2892980D31383637226F6CC5 /* Frameworks */ = {
			isa = PBXGroup;
			children = (
				B855D998D848FF9798BA0B54 /* Pods_VideoGamesApp.framework */,
				93F0B7299ACEF91964E85210 /* Pods_VideoGamesApp_VideoGamesAppUITests.framework */,
				6B9FADAA70C7287525708C2D /* Pods_VideoGamesAppTests.framework */,
			);
			name = Frameworks;
			sourceTree = "<group>";
		};
		3732EC5F27B4110B004B790C = {
			isa = PBXGroup;
			children = (
				3732EC6A27B4110B004B790C /* VideoGamesApp */,
				3732EC8127B4110D004B790C /* VideoGamesAppTests */,
				3732EC8B27B4110D004B790C /* VideoGamesAppUITests */,
				3732EC6927B4110B004B790C /* Products */,
				8A797DB4239D9712C99DA17F /* Pods */,
				2892980D31383637226F6CC5 /* Frameworks */,
			);
			sourceTree = "<group>";
		};
		3732EC6927B4110B004B790C /* Products */ = {
			isa = PBXGroup;
			children = (
				3732EC6827B4110B004B790C /* VideoGamesApp.app */,
				3732EC7E27B4110D004B790C /* VideoGamesAppTests.xctest */,
				3732EC8827B4110D004B790C /* VideoGamesAppUITests.xctest */,
			);
			name = Products;
			sourceTree = "<group>";
		};
		3732EC6A27B4110B004B790C /* VideoGamesApp */ = {
			isa = PBXGroup;
			children = (
				3732ECDF27B47D00004B790C /* Base */,
				3732ECAD27B43396004B790C /* Environments */,
				3732ECA827B42EAF004B790C /* Network */,
				3732EC9D27B418A7004B790C /* Main */,
				3732ECA227B41A0D004B790C /* HomePage */,
				3732ECB527B43621004B790C /* GameDetails */,
				3732ECA327B41A15004B790C /* Favorites */,
				3732EC6B27B4110B004B790C /* AppDelegate.swift */,
				3732EC6D27B4110B004B790C /* SceneDelegate.swift */,
				3732EC7427B4110D004B790C /* Assets.xcassets */,
				3732EC7627B4110D004B790C /* LaunchScreen.storyboard */,
				3732EC7927B4110D004B790C /* Info.plist */,
			);
			path = VideoGamesApp;
			sourceTree = "<group>";
		};
		3732EC8127B4110D004B790C /* VideoGamesAppTests */ = {
			isa = PBXGroup;
			children = (
				3732EC8227B4110D004B790C /* VideoGamesAppTests.swift */,
			);
			path = VideoGamesAppTests;
			sourceTree = "<group>";
		};
		3732EC8B27B4110D004B790C /* VideoGamesAppUITests */ = {
			isa = PBXGroup;
			children = (
				3732EC8C27B4110D004B790C /* VideoGamesAppUITests.swift */,
				3732EC8E27B4110D004B790C /* VideoGamesAppUITestsLaunchTests.swift */,
			);
			path = VideoGamesAppUITests;
			sourceTree = "<group>";
		};
		3732EC9D27B418A7004B790C /* Main */ = {
			isa = PBXGroup;
			children = (
				3732EC7127B4110B004B790C /* Main.storyboard */,
				3732EC9B27B4189A004B790C /* TabBarController.swift */,
				375483EF27B97CC1002D3AC8 /* SplashVC.swift */,
			);
			path = Main;
			sourceTree = "<group>";
		};
		3732ECA227B41A0D004B790C /* HomePage */ = {
			isa = PBXGroup;
			children = (
				3732ECB027B43454004B790C /* Model */,
				3732ECBE27B4372E004B790C /* View */,
				375483F327B987D6002D3AC8 /* Controller */,
				375483F427B987DF002D3AC8 /* ViewModel */,
				375483F927B99182002D3AC8 /* PageView */,
			);
			path = HomePage;
			sourceTree = "<group>";
		};
		3732ECA327B41A15004B790C /* Favorites */ = {
			isa = PBXGroup;
			children = (
				3732ECBD27B43725004B790C /* View */,
				375483F727B987FD002D3AC8 /* Controller */,
				375483F827B98803002D3AC8 /* ViewModel */,
			);
			path = Favorites;
			sourceTree = "<group>";
		};
		3732ECA827B42EAF004B790C /* Network */ = {
			isa = PBXGroup;
			children = (
				3732ECA927B42EC5004B790C /* Network.swift */,
				3732ECC327B43B71004B790C /* Constants.swift */,
				3732ECC527B43CF8004B790C /* APIManager.swift */,
				3732ECC927B449F1004B790C /* ResponseEmpty.swift */,
			);
			path = Network;
			sourceTree = "<group>";
		};
		3732ECAD27B43396004B790C /* Environments */ = {
			isa = PBXGroup;
			children = (
				3732ECAE27B433A6004B790C /* ProdEnv.swift */,
			);
			path = Environments;
			sourceTree = "<group>";
		};
		3732ECB027B43454004B790C /* Model */ = {
			isa = PBXGroup;
			children = (
				3732ECB127B43474004B790C /* HomePageRequestModel.swift */,
				3732ECB327B434A2004B790C /* HomePageResponse.swift */,
			);
			path = Model;
			sourceTree = "<group>";
		};
		3732ECB527B43621004B790C /* GameDetails */ = {
			isa = PBXGroup;
			children = (
				3732ECB627B4366D004B790C /* Model */,
				3732ECBC27B4371A004B790C /* View */,
				375483F527B987EC002D3AC8 /* Controller */,
				375483F627B987F2002D3AC8 /* ViewModel */,
			);
			path = GameDetails;
			sourceTree = "<group>";
		};
		3732ECB627B4366D004B790C /* Model */ = {
			isa = PBXGroup;
			children = (
				3732ECBF27B43752004B790C /* GameDetailsRequestModel.swift */,
				3732ECC127B43760004B790C /* GameDetailsResponse.swift */,
			);
			path = Model;
			sourceTree = "<group>";
		};
		3732ECBB27B4370A004B790C /* BaseCollectionView */ = {
			isa = PBXGroup;
			children = (
				3732ECD227B47637004B790C /* BaseCollectionViewCell.swift */,
				3732ECD327B47637004B790C /* BaseCollectionViewCell.xib */,
			);
			path = BaseCollectionView;
			sourceTree = "<group>";
		};
		3732ECBC27B4371A004B790C /* View */ = {
			isa = PBXGroup;
			children = (
				3732ECB927B436C9004B790C /* GameDetails.storyboard */,
			);
			path = View;
			sourceTree = "<group>";
		};
		3732ECBD27B43725004B790C /* View */ = {
			isa = PBXGroup;
			children = (
				3732ECA627B41A46004B790C /* Favorites.storyboard */,
			);
			path = View;
			sourceTree = "<group>";
		};
		3732ECBE27B4372E004B790C /* View */ = {
			isa = PBXGroup;
			children = (
				3732ECA427B41A3A004B790C /* HomePage.storyboard */,
				3725926527B5ADD7001E167E /* UIHomePageView.xib */,
				3725926727B5AF31001E167E /* UIHomePageView.swift */,
			);
			path = View;
			sourceTree = "<group>";
		};
		3732ECCB27B44FB5004B790C /* Util */ = {
			isa = PBXGroup;
			children = (
				3732ECDA27B479B9004B790C /* AppUtils.swift */,
			);
			path = Util;
			sourceTree = "<group>";
		};
		3732ECDC27B47CE2004B790C /* Protocol */ = {
			isa = PBXGroup;
			children = (
				3732ECDD27B47CEE004B790C /* Reusable.swift */,
				3732ECE127B47E3C004B790C /* StoryBoardInstantiate.swift */,
			);
			path = Protocol;
			sourceTree = "<group>";
		};
		3732ECDF27B47D00004B790C /* Base */ = {
			isa = PBXGroup;
			children = (
				375483F127B97E6E002D3AC8 /* video-game-console.json */,
				3732ECD627B476E0004B790C /* BaseViewController.swift */,
				3732ECE727B48E51004B790C /* RatingView.swift */,
				3732ECE027B47D47004B790C /* Extension */,
				3732ECCB27B44FB5004B790C /* Util */,
				3732ECDC27B47CE2004B790C /* Protocol */,
				3732ECBB27B4370A004B790C /* BaseCollectionView */,
			);
			path = Base;
			sourceTree = "<group>";
		};
		3732ECE027B47D47004B790C /* Extension */ = {
			isa = PBXGroup;
			children = (
				3732ECE327B47F61004B790C /* UICollectionViewExtension.swift */,
				3725925727B4C0D8001E167E /* StringExtension.swift */,
			);
			path = Extension;
			sourceTree = "<group>";
		};
		375483F327B987D6002D3AC8 /* Controller */ = {
			isa = PBXGroup;
			children = (
				3732EC9E27B419EF004B790C /* HomePageViewController.swift */,
			);
			path = Controller;
			sourceTree = "<group>";
		};
		375483F427B987DF002D3AC8 /* ViewModel */ = {
			isa = PBXGroup;
			children = (
				3732ECC727B44666004B790C /* HomePageViewModel.swift */,
			);
			path = ViewModel;
			sourceTree = "<group>";
		};
		375483F527B987EC002D3AC8 /* Controller */ = {
			isa = PBXGroup;
			children = (
				3732ECB727B436B0004B790C /* GameDetailsViewController.swift */,
			);
			path = Controller;
			sourceTree = "<group>";
		};
		375483F627B987F2002D3AC8 /* ViewModel */ = {
			isa = PBXGroup;
			children = (
				3732ECCE27B450A8004B790C /* GameDetailsViewModel.swift */,
			);
			path = ViewModel;
			sourceTree = "<group>";
		};
		375483F727B987FD002D3AC8 /* Controller */ = {
			isa = PBXGroup;
			children = (
				3732ECA027B41A05004B790C /* FavoritesViewController.swift */,
			);
			path = Controller;
			sourceTree = "<group>";
		};
		375483F827B98803002D3AC8 /* ViewModel */ = {
			isa = PBXGroup;
			children = (
				3725925527B4B7E6001E167E /* FavoritesViewModel.swift */,
			);
			path = ViewModel;
			sourceTree = "<group>";
		};
		375483F927B99182002D3AC8 /* PageView */ = {
			isa = PBXGroup;
			children = (
				3725925D27B58057001E167E /* UIHomePageViewController.swift */,
			);
			path = PageView;
			sourceTree = "<group>";
		};
		8A797DB4239D9712C99DA17F /* Pods */ = {
			isa = PBXGroup;
			children = (
				A4B94E61BFA07DDAEA1F2DC5 /* Pods-VideoGamesApp.debug.xcconfig */,
				E7073DBAF0BFAEF3A839385C /* Pods-VideoGamesApp.release.xcconfig */,
				61EEEB0D5470344D938A644C /* Pods-VideoGamesApp-VideoGamesAppUITests.debug.xcconfig */,
				4E4135AC2101E4843FB2EA98 /* Pods-VideoGamesApp-VideoGamesAppUITests.release.xcconfig */,
				F41A6AD27271A44E50263967 /* Pods-VideoGamesAppTests.debug.xcconfig */,
				A0E6338366C5C62CD1867D6C /* Pods-VideoGamesAppTests.release.xcconfig */,
			);
			path = Pods;
			sourceTree = "<group>";
		};
/* End PBXGroup section */

/* Begin PBXNativeTarget section */
		3732EC6727B4110B004B790C /* VideoGamesApp */ = {
			isa = PBXNativeTarget;
			buildConfigurationList = 3732EC9227B4110D004B790C /* Build configuration list for PBXNativeTarget "VideoGamesApp" */;
			buildPhases = (
				22A1D03D96EA5A361D6C69D2 /* [CP] Check Pods Manifest.lock */,
				3732EC6427B4110B004B790C /* Sources */,
				3732EC6527B4110B004B790C /* Frameworks */,
				3732EC6627B4110B004B790C /* Resources */,
				73A15250805C422E2811C0D5 /* [CP] Embed Pods Frameworks */,
			);
			buildRules = (
			);
			dependencies = (
			);
			name = VideoGamesApp;
			productName = VideoGamesApp;
			productReference = 3732EC6827B4110B004B790C /* VideoGamesApp.app */;
			productType = "com.apple.product-type.application";
		};
		3732EC7D27B4110D004B790C /* VideoGamesAppTests */ = {
			isa = PBXNativeTarget;
			buildConfigurationList = 3732EC9527B4110D004B790C /* Build configuration list for PBXNativeTarget "VideoGamesAppTests" */;
			buildPhases = (
				C290137600F5C20009478ADA /* [CP] Check Pods Manifest.lock */,
				3732EC7A27B4110D004B790C /* Sources */,
				3732EC7B27B4110D004B790C /* Frameworks */,
				3732EC7C27B4110D004B790C /* Resources */,
			);
			buildRules = (
			);
			dependencies = (
				3732EC8027B4110D004B790C /* PBXTargetDependency */,
			);
			name = VideoGamesAppTests;
			productName = VideoGamesAppTests;
			productReference = 3732EC7E27B4110D004B790C /* VideoGamesAppTests.xctest */;
			productType = "com.apple.product-type.bundle.unit-test";
		};
		3732EC8727B4110D004B790C /* VideoGamesAppUITests */ = {
			isa = PBXNativeTarget;
			buildConfigurationList = 3732EC9827B4110D004B790C /* Build configuration list for PBXNativeTarget "VideoGamesAppUITests" */;
			buildPhases = (
				48FE9893076FB7E9375D0F50 /* [CP] Check Pods Manifest.lock */,
				3732EC8427B4110D004B790C /* Sources */,
				3732EC8527B4110D004B790C /* Frameworks */,
				3732EC8627B4110D004B790C /* Resources */,
				B32D0C3CF740E569324DC7F4 /* [CP] Embed Pods Frameworks */,
			);
			buildRules = (
			);
			dependencies = (
				3732EC8A27B4110D004B790C /* PBXTargetDependency */,
			);
			name = VideoGamesAppUITests;
			productName = VideoGamesAppUITests;
			productReference = 3732EC8827B4110D004B790C /* VideoGamesAppUITests.xctest */;
			productType = "com.apple.product-type.bundle.ui-testing";
		};
/* End PBXNativeTarget section */

/* Begin PBXProject section */
		3732EC6027B4110B004B790C /* Project object */ = {
			isa = PBXProject;
			attributes = {
				BuildIndependentTargetsInParallel = 1;
				LastSwiftUpdateCheck = 1310;
				LastUpgradeCheck = 1310;
				TargetAttributes = {
					3732EC6727B4110B004B790C = {
						CreatedOnToolsVersion = 13.1;
					};
					3732EC7D27B4110D004B790C = {
						CreatedOnToolsVersion = 13.1;
						TestTargetID = 3732EC6727B4110B004B790C;
					};
					3732EC8727B4110D004B790C = {
						CreatedOnToolsVersion = 13.1;
						TestTargetID = 3732EC6727B4110B004B790C;
					};
				};
			};
			buildConfigurationList = 3732EC6327B4110B004B790C /* Build configuration list for PBXProject "VideoGamesApp" */;
			compatibilityVersion = "Xcode 13.0";
			developmentRegion = en;
			hasScannedForEncodings = 0;
			knownRegions = (
				en,
				Base,
			);
			mainGroup = 3732EC5F27B4110B004B790C;
			productRefGroup = 3732EC6927B4110B004B790C /* Products */;
			projectDirPath = "";
			projectRoot = "";
			targets = (
				3732EC6727B4110B004B790C /* VideoGamesApp */,
				3732EC7D27B4110D004B790C /* VideoGamesAppTests */,
				3732EC8727B4110D004B790C /* VideoGamesAppUITests */,
			);
		};
/* End PBXProject section */

/* Begin PBXResourcesBuildPhase section */
		3732EC6627B4110B004B790C /* Resources */ = {
			isa = PBXResourcesBuildPhase;
			buildActionMask = 2147483647;
			files = (
				3732ECA527B41A3A004B790C /* HomePage.storyboard in Resources */,
				3732ECBA27B436C9004B790C /* GameDetails.storyboard in Resources */,
				3725926627B5ADD7001E167E /* UIHomePageView.xib in Resources */,
				3732ECD527B47637004B790C /* BaseCollectionViewCell.xib in Resources */,
				375483F227B97E6E002D3AC8 /* video-game-console.json in Resources */,
				3732EC7827B4110D004B790C /* LaunchScreen.storyboard in Resources */,
				3732EC7527B4110D004B790C /* Assets.xcassets in Resources */,
				3732EC7327B4110B004B790C /* Main.storyboard in Resources */,
				3732ECA727B41A46004B790C /* Favorites.storyboard in Resources */,
			);
			runOnlyForDeploymentPostprocessing = 0;
		};
		3732EC7C27B4110D004B790C /* Resources */ = {
			isa = PBXResourcesBuildPhase;
			buildActionMask = 2147483647;
			files = (
			);
			runOnlyForDeploymentPostprocessing = 0;
		};
		3732EC8627B4110D004B790C /* Resources */ = {
			isa = PBXResourcesBuildPhase;
			buildActionMask = 2147483647;
			files = (
			);
			runOnlyForDeploymentPostprocessing = 0;
		};
/* End PBXResourcesBuildPhase section */

/* Begin PBXShellScriptBuildPhase section */
		22A1D03D96EA5A361D6C69D2 /* [CP] Check Pods Manifest.lock */ = {
			isa = PBXShellScriptBuildPhase;
			buildActionMask = 2147483647;
			files = (
			);
			inputFileListPaths = (
			);
			inputPaths = (
				"${PODS_PODFILE_DIR_PATH}/Podfile.lock",
				"${PODS_ROOT}/Manifest.lock",
			);
			name = "[CP] Check Pods Manifest.lock";
			outputFileListPaths = (
			);
			outputPaths = (
				"$(DERIVED_FILE_DIR)/Pods-VideoGamesApp-checkManifestLockResult.txt",
			);
			runOnlyForDeploymentPostprocessing = 0;
			shellPath = /bin/sh;
			shellScript = "diff \"${PODS_PODFILE_DIR_PATH}/Podfile.lock\" \"${PODS_ROOT}/Manifest.lock\" > /dev/null\nif [ $? != 0 ] ; then\n    # print error to STDERR\n    echo \"error: The sandbox is not in sync with the Podfile.lock. Run 'pod install' or update your CocoaPods installation.\" >&2\n    exit 1\nfi\n# This output is used by Xcode 'outputs' to avoid re-running this script phase.\necho \"SUCCESS\" > \"${SCRIPT_OUTPUT_FILE_0}\"\n";
			showEnvVarsInLog = 0;
		};
		48FE9893076FB7E9375D0F50 /* [CP] Check Pods Manifest.lock */ = {
			isa = PBXShellScriptBuildPhase;
			buildActionMask = 2147483647;
			files = (
			);
			inputFileListPaths = (
			);
			inputPaths = (
				"${PODS_PODFILE_DIR_PATH}/Podfile.lock",
				"${PODS_ROOT}/Manifest.lock",
			);
			name = "[CP] Check Pods Manifest.lock";
			outputFileListPaths = (
			);
			outputPaths = (
				"$(DERIVED_FILE_DIR)/Pods-VideoGamesApp-VideoGamesAppUITests-checkManifestLockResult.txt",
			);
			runOnlyForDeploymentPostprocessing = 0;
			shellPath = /bin/sh;
			shellScript = "diff \"${PODS_PODFILE_DIR_PATH}/Podfile.lock\" \"${PODS_ROOT}/Manifest.lock\" > /dev/null\nif [ $? != 0 ] ; then\n    # print error to STDERR\n    echo \"error: The sandbox is not in sync with the Podfile.lock. Run 'pod install' or update your CocoaPods installation.\" >&2\n    exit 1\nfi\n# This output is used by Xcode 'outputs' to avoid re-running this script phase.\necho \"SUCCESS\" > \"${SCRIPT_OUTPUT_FILE_0}\"\n";
			showEnvVarsInLog = 0;
		};
		73A15250805C422E2811C0D5 /* [CP] Embed Pods Frameworks */ = {
			isa = PBXShellScriptBuildPhase;
			buildActionMask = 2147483647;
			files = (
			);
			inputFileListPaths = (
				"${PODS_ROOT}/Target Support Files/Pods-VideoGamesApp/Pods-VideoGamesApp-frameworks-${CONFIGURATION}-input-files.xcfilelist",
			);
			name = "[CP] Embed Pods Frameworks";
			outputFileListPaths = (
				"${PODS_ROOT}/Target Support Files/Pods-VideoGamesApp/Pods-VideoGamesApp-frameworks-${CONFIGURATION}-output-files.xcfilelist",
			);
			runOnlyForDeploymentPostprocessing = 0;
			shellPath = /bin/sh;
			shellScript = "\"${PODS_ROOT}/Target Support Files/Pods-VideoGamesApp/Pods-VideoGamesApp-frameworks.sh\"\n";
			showEnvVarsInLog = 0;
		};
		B32D0C3CF740E569324DC7F4 /* [CP] Embed Pods Frameworks */ = {
			isa = PBXShellScriptBuildPhase;
			buildActionMask = 2147483647;
			files = (
			);
			inputFileListPaths = (
				"${PODS_ROOT}/Target Support Files/Pods-VideoGamesApp-VideoGamesAppUITests/Pods-VideoGamesApp-VideoGamesAppUITests-frameworks-${CONFIGURATION}-input-files.xcfilelist",
			);
			name = "[CP] Embed Pods Frameworks";
			outputFileListPaths = (
				"${PODS_ROOT}/Target Support Files/Pods-VideoGamesApp-VideoGamesAppUITests/Pods-VideoGamesApp-VideoGamesAppUITests-frameworks-${CONFIGURATION}-output-files.xcfilelist",
			);
			runOnlyForDeploymentPostprocessing = 0;
			shellPath = /bin/sh;
			shellScript = "\"${PODS_ROOT}/Target Support Files/Pods-VideoGamesApp-VideoGamesAppUITests/Pods-VideoGamesApp-VideoGamesAppUITests-frameworks.sh\"\n";
			showEnvVarsInLog = 0;
		};
		C290137600F5C20009478ADA /* [CP] Check Pods Manifest.lock */ = {
			isa = PBXShellScriptBuildPhase;
			buildActionMask = 2147483647;
			files = (
			);
			inputFileListPaths = (
			);
			inputPaths = (
				"${PODS_PODFILE_DIR_PATH}/Podfile.lock",
				"${PODS_ROOT}/Manifest.lock",
			);
			name = "[CP] Check Pods Manifest.lock";
			outputFileListPaths = (
			);
			outputPaths = (
				"$(DERIVED_FILE_DIR)/Pods-VideoGamesAppTests-checkManifestLockResult.txt",
			);
			runOnlyForDeploymentPostprocessing = 0;
			shellPath = /bin/sh;
			shellScript = "diff \"${PODS_PODFILE_DIR_PATH}/Podfile.lock\" \"${PODS_ROOT}/Manifest.lock\" > /dev/null\nif [ $? != 0 ] ; then\n    # print error to STDERR\n    echo \"error: The sandbox is not in sync with the Podfile.lock. Run 'pod install' or update your CocoaPods installation.\" >&2\n    exit 1\nfi\n# This output is used by Xcode 'outputs' to avoid re-running this script phase.\necho \"SUCCESS\" > \"${SCRIPT_OUTPUT_FILE_0}\"\n";
			showEnvVarsInLog = 0;
		};
/* End PBXShellScriptBuildPhase section */

/* Begin PBXSourcesBuildPhase section */
		3732EC6427B4110B004B790C /* Sources */ = {
			isa = PBXSourcesBuildPhase;
			buildActionMask = 2147483647;
			files = (
				3732ECDB27B479B9004B790C /* AppUtils.swift in Sources */,
				3732ECCF27B450A8004B790C /* GameDetailsViewModel.swift in Sources */,
				3732ECCA27B449F1004B790C /* ResponseEmpty.swift in Sources */,
				3732EC9C27B4189A004B790C /* TabBarController.swift in Sources */,
				3725925E27B58057001E167E /* UIHomePageViewController.swift in Sources */,
				3732ECB227B43474004B790C /* HomePageRequestModel.swift in Sources */,
				3732ECD727B476E0004B790C /* BaseViewController.swift in Sources */,
				3725925827B4C0D8001E167E /* StringExtension.swift in Sources */,
				3732ECD427B47637004B790C /* BaseCollectionViewCell.swift in Sources */,
				3732ECE827B48E51004B790C /* RatingView.swift in Sources */,
				3732EC6C27B4110B004B790C /* AppDelegate.swift in Sources */,
				375483F027B97CC1002D3AC8 /* SplashVC.swift in Sources */,
				3732ECC827B44666004B790C /* HomePageViewModel.swift in Sources */,
				3732ECB427B434A2004B790C /* HomePageResponse.swift in Sources */,
				3732EC9F27B419EF004B790C /* HomePageViewController.swift in Sources */,
				3732ECC227B43760004B790C /* GameDetailsResponse.swift in Sources */,
				3732ECDE27B47CEE004B790C /* Reusable.swift in Sources */,
				3732ECAF27B433A6004B790C /* ProdEnv.swift in Sources */,
				3732ECB827B436B0004B790C /* GameDetailsViewController.swift in Sources */,
				3732ECA127B41A05004B790C /* FavoritesViewController.swift in Sources */,
				3732ECAA27B42EC5004B790C /* Network.swift in Sources */,
				3732ECE427B47F61004B790C /* UICollectionViewExtension.swift in Sources */,
				3725925627B4B7E6001E167E /* FavoritesViewModel.swift in Sources */,
				3725926827B5AF32001E167E /* UIHomePageView.swift in Sources */,
				3732ECE227B47E3C004B790C /* StoryBoardInstantiate.swift in Sources */,
				3732ECC427B43B71004B790C /* Constants.swift in Sources */,
				3732ECC627B43CF8004B790C /* APIManager.swift in Sources */,
				3732ECC027B43752004B790C /* GameDetailsRequestModel.swift in Sources */,
				3732EC6E27B4110B004B790C /* SceneDelegate.swift in Sources */,
			);
			runOnlyForDeploymentPostprocessing = 0;
		};
		3732EC7A27B4110D004B790C /* Sources */ = {
			isa = PBXSourcesBuildPhase;
			buildActionMask = 2147483647;
			files = (
				3732EC8327B4110D004B790C /* VideoGamesAppTests.swift in Sources */,
			);
			runOnlyForDeploymentPostprocessing = 0;
		};
		3732EC8427B4110D004B790C /* Sources */ = {
			isa = PBXSourcesBuildPhase;
			buildActionMask = 2147483647;
			files = (
				3732EC8F27B4110D004B790C /* VideoGamesAppUITestsLaunchTests.swift in Sources */,
				3732EC8D27B4110D004B790C /* VideoGamesAppUITests.swift in Sources */,
			);
			runOnlyForDeploymentPostprocessing = 0;
		};
/* End PBXSourcesBuildPhase section */

/* Begin PBXTargetDependency section */
		3732EC8027B4110D004B790C /* PBXTargetDependency */ = {
			isa = PBXTargetDependency;
			target = 3732EC6727B4110B004B790C /* VideoGamesApp */;
			targetProxy = 3732EC7F27B4110D004B790C /* PBXContainerItemProxy */;
		};
		3732EC8A27B4110D004B790C /* PBXTargetDependency */ = {
			isa = PBXTargetDependency;
			target = 3732EC6727B4110B004B790C /* VideoGamesApp */;
			targetProxy = 3732EC8927B4110D004B790C /* PBXContainerItemProxy */;
		};
/* End PBXTargetDependency section */

/* Begin PBXVariantGroup section */
		3732EC7127B4110B004B790C /* Main.storyboard */ = {
			isa = PBXVariantGroup;
			children = (
				3732EC7227B4110B004B790C /* Base */,
			);
			name = Main.storyboard;
			sourceTree = "<group>";
		};
		3732EC7627B4110D004B790C /* LaunchScreen.storyboard */ = {
			isa = PBXVariantGroup;
			children = (
				3732EC7727B4110D004B790C /* Base */,
			);
			name = LaunchScreen.storyboard;
			sourceTree = "<group>";
		};
/* End PBXVariantGroup section */

/* Begin XCBuildConfiguration section */
		3732EC9027B4110D004B790C /* Debug */ = {
			isa = XCBuildConfiguration;
			buildSettings = {
				ALWAYS_SEARCH_USER_PATHS = NO;
				CLANG_ANALYZER_NONNULL = YES;
				CLANG_ANALYZER_NUMBER_OBJECT_CONVERSION = YES_AGGRESSIVE;
				CLANG_CXX_LANGUAGE_STANDARD = "gnu++17";
				CLANG_CXX_LIBRARY = "libc++";
				CLANG_ENABLE_MODULES = YES;
				CLANG_ENABLE_OBJC_ARC = YES;
				CLANG_ENABLE_OBJC_WEAK = YES;
				CLANG_WARN_BLOCK_CAPTURE_AUTORELEASING = YES;
				CLANG_WARN_BOOL_CONVERSION = YES;
				CLANG_WARN_COMMA = YES;
				CLANG_WARN_CONSTANT_CONVERSION = YES;
				CLANG_WARN_DEPRECATED_OBJC_IMPLEMENTATIONS = YES;
				CLANG_WARN_DIRECT_OBJC_ISA_USAGE = YES_ERROR;
				CLANG_WARN_DOCUMENTATION_COMMENTS = YES;
				CLANG_WARN_EMPTY_BODY = YES;
				CLANG_WARN_ENUM_CONVERSION = YES;
				CLANG_WARN_INFINITE_RECURSION = YES;
				CLANG_WARN_INT_CONVERSION = YES;
				CLANG_WARN_NON_LITERAL_NULL_CONVERSION = YES;
				CLANG_WARN_OBJC_IMPLICIT_RETAIN_SELF = YES;
				CLANG_WARN_OBJC_LITERAL_CONVERSION = YES;
				CLANG_WARN_OBJC_ROOT_CLASS = YES_ERROR;
				CLANG_WARN_QUOTED_INCLUDE_IN_FRAMEWORK_HEADER = YES;
				CLANG_WARN_RANGE_LOOP_ANALYSIS = YES;
				CLANG_WARN_STRICT_PROTOTYPES = YES;
				CLANG_WARN_SUSPICIOUS_MOVE = YES;
				CLANG_WARN_UNGUARDED_AVAILABILITY = YES_AGGRESSIVE;
				CLANG_WARN_UNREACHABLE_CODE = YES;
				CLANG_WARN__DUPLICATE_METHOD_MATCH = YES;
				COPY_PHASE_STRIP = NO;
				DEBUG_INFORMATION_FORMAT = dwarf;
				ENABLE_STRICT_OBJC_MSGSEND = YES;
				ENABLE_TESTABILITY = YES;
				GCC_C_LANGUAGE_STANDARD = gnu11;
				GCC_DYNAMIC_NO_PIC = NO;
				GCC_NO_COMMON_BLOCKS = YES;
				GCC_OPTIMIZATION_LEVEL = 0;
				GCC_PREPROCESSOR_DEFINITIONS = (
					"DEBUG=1",
					"$(inherited)",
				);
				GCC_WARN_64_TO_32_BIT_CONVERSION = YES;
				GCC_WARN_ABOUT_RETURN_TYPE = YES_ERROR;
				GCC_WARN_UNDECLARED_SELECTOR = YES;
				GCC_WARN_UNINITIALIZED_AUTOS = YES_AGGRESSIVE;
				GCC_WARN_UNUSED_FUNCTION = YES;
				GCC_WARN_UNUSED_VARIABLE = YES;
				IPHONEOS_DEPLOYMENT_TARGET = 15.0;
				MTL_ENABLE_DEBUG_INFO = INCLUDE_SOURCE;
				MTL_FAST_MATH = YES;
				ONLY_ACTIVE_ARCH = YES;
				SDKROOT = iphoneos;
				SWIFT_ACTIVE_COMPILATION_CONDITIONS = DEBUG;
				SWIFT_OPTIMIZATION_LEVEL = "-Onone";
			};
			name = Debug;
		};
		3732EC9127B4110D004B790C /* Release */ = {
			isa = XCBuildConfiguration;
			buildSettings = {
				ALWAYS_SEARCH_USER_PATHS = NO;
				CLANG_ANALYZER_NONNULL = YES;
				CLANG_ANALYZER_NUMBER_OBJECT_CONVERSION = YES_AGGRESSIVE;
				CLANG_CXX_LANGUAGE_STANDARD = "gnu++17";
				CLANG_CXX_LIBRARY = "libc++";
				CLANG_ENABLE_MODULES = YES;
				CLANG_ENABLE_OBJC_ARC = YES;
				CLANG_ENABLE_OBJC_WEAK = YES;
				CLANG_WARN_BLOCK_CAPTURE_AUTORELEASING = YES;
				CLANG_WARN_BOOL_CONVERSION = YES;
				CLANG_WARN_COMMA = YES;
				CLANG_WARN_CONSTANT_CONVERSION = YES;
				CLANG_WARN_DEPRECATED_OBJC_IMPLEMENTATIONS = YES;
				CLANG_WARN_DIRECT_OBJC_ISA_USAGE = YES_ERROR;
				CLANG_WARN_DOCUMENTATION_COMMENTS = YES;
				CLANG_WARN_EMPTY_BODY = YES;
				CLANG_WARN_ENUM_CONVERSION = YES;
				CLANG_WARN_INFINITE_RECURSION = YES;
				CLANG_WARN_INT_CONVERSION = YES;
				CLANG_WARN_NON_LITERAL_NULL_CONVERSION = YES;
				CLANG_WARN_OBJC_IMPLICIT_RETAIN_SELF = YES;
				CLANG_WARN_OBJC_LITERAL_CONVERSION = YES;
				CLANG_WARN_OBJC_ROOT_CLASS = YES_ERROR;
				CLANG_WARN_QUOTED_INCLUDE_IN_FRAMEWORK_HEADER = YES;
				CLANG_WARN_RANGE_LOOP_ANALYSIS = YES;
				CLANG_WARN_STRICT_PROTOTYPES = YES;
				CLANG_WARN_SUSPICIOUS_MOVE = YES;
				CLANG_WARN_UNGUARDED_AVAILABILITY = YES_AGGRESSIVE;
				CLANG_WARN_UNREACHABLE_CODE = YES;
				CLANG_WARN__DUPLICATE_METHOD_MATCH = YES;
				COPY_PHASE_STRIP = NO;
				DEBUG_INFORMATION_FORMAT = "dwarf-with-dsym";
				ENABLE_NS_ASSERTIONS = NO;
				ENABLE_STRICT_OBJC_MSGSEND = YES;
				GCC_C_LANGUAGE_STANDARD = gnu11;
				GCC_NO_COMMON_BLOCKS = YES;
				GCC_WARN_64_TO_32_BIT_CONVERSION = YES;
				GCC_WARN_ABOUT_RETURN_TYPE = YES_ERROR;
				GCC_WARN_UNDECLARED_SELECTOR = YES;
				GCC_WARN_UNINITIALIZED_AUTOS = YES_AGGRESSIVE;
				GCC_WARN_UNUSED_FUNCTION = YES;
				GCC_WARN_UNUSED_VARIABLE = YES;
				IPHONEOS_DEPLOYMENT_TARGET = 15.0;
				MTL_ENABLE_DEBUG_INFO = NO;
				MTL_FAST_MATH = YES;
				SDKROOT = iphoneos;
				SWIFT_COMPILATION_MODE = wholemodule;
				SWIFT_OPTIMIZATION_LEVEL = "-O";
				VALIDATE_PRODUCT = YES;
			};
			name = Release;
		};
		3732EC9327B4110D004B790C /* Debug */ = {
			isa = XCBuildConfiguration;
			baseConfigurationReference = A4B94E61BFA07DDAEA1F2DC5 /* Pods-VideoGamesApp.debug.xcconfig */;
			buildSettings = {
				ASSETCATALOG_COMPILER_APPICON_NAME = AppIcon;
				ASSETCATALOG_COMPILER_GLOBAL_ACCENT_COLOR_NAME = AccentColor;
				CODE_SIGN_IDENTITY = "Apple Development";
				CODE_SIGN_STYLE = Automatic;
				CURRENT_PROJECT_VERSION = 1;
				DEVELOPMENT_TEAM = 2Y29CFQ3QW;
				GENERATE_INFOPLIST_FILE = YES;
				INFOPLIST_FILE = VideoGamesApp/Info.plist;
				INFOPLIST_KEY_UIApplicationSupportsIndirectInputEvents = YES;
				INFOPLIST_KEY_UILaunchStoryboardName = LaunchScreen;
				INFOPLIST_KEY_UIMainStoryboardFile = Main;
				INFOPLIST_KEY_UISupportedInterfaceOrientations_iPad = "UIInterfaceOrientationPortrait UIInterfaceOrientationPortraitUpsideDown UIInterfaceOrientationLandscapeLeft UIInterfaceOrientationLandscapeRight";
				INFOPLIST_KEY_UISupportedInterfaceOrientations_iPhone = "UIInterfaceOrientationPortrait UIInterfaceOrientationLandscapeLeft UIInterfaceOrientationLandscapeRight";
				LD_RUNPATH_SEARCH_PATHS = (
					"$(inherited)",
					"@executable_path/Frameworks",
				);
				MARKETING_VERSION = 1.0;
				PRODUCT_BUNDLE_IDENTIFIER = VideoGamesApp.VideoGamesApp;
				PRODUCT_NAME = "$(TARGET_NAME)";
				PROVISIONING_PROFILE_SPECIFIER = "";
				SWIFT_EMIT_LOC_STRINGS = YES;
				SWIFT_VERSION = 5.0;
				TARGETED_DEVICE_FAMILY = "1,2";
			};
			name = Debug;
		};
		3732EC9427B4110D004B790C /* Release */ = {
			isa = XCBuildConfiguration;
			baseConfigurationReference = E7073DBAF0BFAEF3A839385C /* Pods-VideoGamesApp.release.xcconfig */;
			buildSettings = {
				ASSETCATALOG_COMPILER_APPICON_NAME = AppIcon;
				ASSETCATALOG_COMPILER_GLOBAL_ACCENT_COLOR_NAME = AccentColor;
				CODE_SIGN_IDENTITY = "Apple Development";
				CODE_SIGN_STYLE = Automatic;
				CURRENT_PROJECT_VERSION = 1;
				DEVELOPMENT_TEAM = 2Y29CFQ3QW;
				GENERATE_INFOPLIST_FILE = YES;
				INFOPLIST_FILE = VideoGamesApp/Info.plist;
				INFOPLIST_KEY_UIApplicationSupportsIndirectInputEvents = YES;
				INFOPLIST_KEY_UILaunchStoryboardName = LaunchScreen;
				INFOPLIST_KEY_UIMainStoryboardFile = Main;
				INFOPLIST_KEY_UISupportedInterfaceOrientations_iPad = "UIInterfaceOrientationPortrait UIInterfaceOrientationPortraitUpsideDown UIInterfaceOrientationLandscapeLeft UIInterfaceOrientationLandscapeRight";
				INFOPLIST_KEY_UISupportedInterfaceOrientations_iPhone = "UIInterfaceOrientationPortrait UIInterfaceOrientationLandscapeLeft UIInterfaceOrientationLandscapeRight";
				LD_RUNPATH_SEARCH_PATHS = (
					"$(inherited)",
					"@executable_path/Frameworks",
				);
				MARKETING_VERSION = 1.0;
				PRODUCT_BUNDLE_IDENTIFIER = com.gateinside.fitmap;
				PRODUCT_NAME = "$(TARGET_NAME)";
				PROVISIONING_PROFILE_SPECIFIER = "";
				SWIFT_EMIT_LOC_STRINGS = YES;
				SWIFT_VERSION = 5.0;
				TARGETED_DEVICE_FAMILY = "1,2";
			};
			name = Release;
		};
		3732EC9627B4110D004B790C /* Debug */ = {
			isa = XCBuildConfiguration;
			baseConfigurationReference = F41A6AD27271A44E50263967 /* Pods-VideoGamesAppTests.debug.xcconfig */;
			buildSettings = {
				ALWAYS_EMBED_SWIFT_STANDARD_LIBRARIES = YES;
				BUNDLE_LOADER = "$(TEST_HOST)";
				CODE_SIGN_STYLE = Automatic;
				CURRENT_PROJECT_VERSION = 1;
				GENERATE_INFOPLIST_FILE = YES;
				IPHONEOS_DEPLOYMENT_TARGET = 15.0;
				LD_RUNPATH_SEARCH_PATHS = (
					"$(inherited)",
					"@executable_path/Frameworks",
					"@loader_path/Frameworks",
				);
				MARKETING_VERSION = 1.0;
				PRODUCT_BUNDLE_IDENTIFIER = VideoGamesApp.VideoGamesAppTests;
				PRODUCT_NAME = "$(TARGET_NAME)";
				SWIFT_EMIT_LOC_STRINGS = NO;
				SWIFT_VERSION = 5.0;
				TARGETED_DEVICE_FAMILY = "1,2";
				TEST_HOST = "$(BUILT_PRODUCTS_DIR)/VideoGamesApp.app/VideoGamesApp";
			};
			name = Debug;
		};
		3732EC9727B4110D004B790C /* Release */ = {
			isa = XCBuildConfiguration;
			baseConfigurationReference = A0E6338366C5C62CD1867D6C /* Pods-VideoGamesAppTests.release.xcconfig */;
			buildSettings = {
				ALWAYS_EMBED_SWIFT_STANDARD_LIBRARIES = YES;
				BUNDLE_LOADER = "$(TEST_HOST)";
				CODE_SIGN_STYLE = Automatic;
				CURRENT_PROJECT_VERSION = 1;
				GENERATE_INFOPLIST_FILE = YES;
				IPHONEOS_DEPLOYMENT_TARGET = 15.0;
				LD_RUNPATH_SEARCH_PATHS = (
					"$(inherited)",
					"@executable_path/Frameworks",
					"@loader_path/Frameworks",
				);
				MARKETING_VERSION = 1.0;
				PRODUCT_BUNDLE_IDENTIFIER = VideoGamesApp.VideoGamesAppTests;
				PRODUCT_NAME = "$(TARGET_NAME)";
				SWIFT_EMIT_LOC_STRINGS = NO;
				SWIFT_VERSION = 5.0;
				TARGETED_DEVICE_FAMILY = "1,2";
				TEST_HOST = "$(BUILT_PRODUCTS_DIR)/VideoGamesApp.app/VideoGamesApp";
			};
			name = Release;
		};
		3732EC9927B4110D004B790C /* Debug */ = {
			isa = XCBuildConfiguration;
			baseConfigurationReference = 61EEEB0D5470344D938A644C /* Pods-VideoGamesApp-VideoGamesAppUITests.debug.xcconfig */;
			buildSettings = {
				ALWAYS_EMBED_SWIFT_STANDARD_LIBRARIES = YES;
				CODE_SIGN_STYLE = Automatic;
				CURRENT_PROJECT_VERSION = 1;
				GENERATE_INFOPLIST_FILE = YES;
				LD_RUNPATH_SEARCH_PATHS = (
					"$(inherited)",
					"@executable_path/Frameworks",
					"@loader_path/Frameworks",
				);
				MARKETING_VERSION = 1.0;
				PRODUCT_BUNDLE_IDENTIFIER = VideoGamesApp.VideoGamesAppUITests;
				PRODUCT_NAME = "$(TARGET_NAME)";
				SWIFT_EMIT_LOC_STRINGS = NO;
				SWIFT_VERSION = 5.0;
				TARGETED_DEVICE_FAMILY = "1,2";
				TEST_TARGET_NAME = VideoGamesApp;
			};
			name = Debug;
		};
		3732EC9A27B4110D004B790C /* Release */ = {
			isa = XCBuildConfiguration;
			baseConfigurationReference = 4E4135AC2101E4843FB2EA98 /* Pods-VideoGamesApp-VideoGamesAppUITests.release.xcconfig */;
			buildSettings = {
				ALWAYS_EMBED_SWIFT_STANDARD_LIBRARIES = YES;
				CODE_SIGN_STYLE = Automatic;
				CURRENT_PROJECT_VERSION = 1;
				GENERATE_INFOPLIST_FILE = YES;
				LD_RUNPATH_SEARCH_PATHS = (
					"$(inherited)",
					"@executable_path/Frameworks",
					"@loader_path/Frameworks",
				);
				MARKETING_VERSION = 1.0;
				PRODUCT_BUNDLE_IDENTIFIER = VideoGamesApp.VideoGamesAppUITests;
				PRODUCT_NAME = "$(TARGET_NAME)";
				SWIFT_EMIT_LOC_STRINGS = NO;
				SWIFT_VERSION = 5.0;
				TARGETED_DEVICE_FAMILY = "1,2";
				TEST_TARGET_NAME = VideoGamesApp;
			};
			name = Release;
		};
/* End XCBuildConfiguration section */

/* Begin XCConfigurationList section */
		3732EC6327B4110B004B790C /* Build configuration list for PBXProject "VideoGamesApp" */ = {
			isa = XCConfigurationList;
			buildConfigurations = (
				3732EC9027B4110D004B790C /* Debug */,
				3732EC9127B4110D004B790C /* Release */,
			);
			defaultConfigurationIsVisible = 0;
			defaultConfigurationName = Release;
		};
		3732EC9227B4110D004B790C /* Build configuration list for PBXNativeTarget "VideoGamesApp" */ = {
			isa = XCConfigurationList;
			buildConfigurations = (
				3732EC9327B4110D004B790C /* Debug */,
				3732EC9427B4110D004B790C /* Release */,
			);
			defaultConfigurationIsVisible = 0;
			defaultConfigurationName = Release;
		};
		3732EC9527B4110D004B790C /* Build configuration list for PBXNativeTarget "VideoGamesAppTests" */ = {
			isa = XCConfigurationList;
			buildConfigurations = (
				3732EC9627B4110D004B790C /* Debug */,
				3732EC9727B4110D004B790C /* Release */,
			);
			defaultConfigurationIsVisible = 0;
			defaultConfigurationName = Release;
		};
		3732EC9827B4110D004B790C /* Build configuration list for PBXNativeTarget "VideoGamesAppUITests" */ = {
			isa = XCConfigurationList;
			buildConfigurations = (
				3732EC9927B4110D004B790C /* Debug */,
				3732EC9A27B4110D004B790C /* Release */,
			);
			defaultConfigurationIsVisible = 0;
			defaultConfigurationName = Release;
		};
/* End XCConfigurationList section */
	};
	rootObject = 3732EC6027B4110B004B790C /* Project object */;
}
